
Microsoft Visual Studio Solution File, Format Version 12.00
# Visual Studio Version 16
VisualStudioVersion = 16.0.31729.503
MinimumVisualStudioVersion = 10.0.40219.1
Project("{FAE04EC0-301F-11D3-BF4B-00C04F79EFBC}") = "ExamsApp", "ExamsApp\ExamsApp.csproj", "{ADEC68B2-AC0F-403F-A638-F04251416098}"
EndProject
Global
	GlobalSection(SolutionConfigurationPlatforms) = preSolution
		Debug|Any CPU = Debug|Any CPU
		Release|Any CPU = Release|Any CPU
	EndGlobalSection
	GlobalSection(ProjectConfigurationPlatforms) = postSolution
		{ADEC68B2-AC0F-403F-A638-F04251416098}.Debug|Any CPU.ActiveCfg = Debug|Any CPU
		{ADEC68B2-AC0F-403F-A638-F04251416098}.Debug|Any CPU.Build.0 = Debug|Any CPU
		{ADEC68B2-AC0F-403F-A638-F04251416098}.Release|Any CPU.ActiveCfg = Release|Any CPU
		{ADEC68B2-AC0F-403F-A638-F04251416098}.Release|Any CPU.Build.0 = Release|Any CPU
	EndGlobalSection
	GlobalSection(SolutionProperties) = preSolution
		HideSolutionNode = FALSE
	EndGlobalSection
	GlobalSection(ExtensibilityGlobals) = postSolution
		SolutionGuid = {36E62EE0-CB06-44C3-8E07-33F609CA105D}
	EndGlobalSection
EndGlobal
